
Microsoft Visual Studio Solution File, Format Version 12.00
# Visual Studio Version 17
VisualStudioVersion = 17.6.33815.320
MinimumVisualStudioVersion = 10.0.40219.1
Project("{FAE04EC0-301F-11D3-BF4B-00C04F79EFBC}") = "Core_Deneme", "Core_Deneme\Core_Deneme.csproj", "{34E159ED-297A-4D58-BBA0-F19475045848}"
EndProject
Global
	GlobalSection(SolutionConfigurationPlatforms) = preSolution
		Debug|Any CPU = Debug|Any CPU
		Release|Any CPU = Release|Any CPU
	EndGlobalSection
	GlobalSection(ProjectConfigurationPlatforms) = postSolution
		{34E159ED-297A-4D58-BBA0-F19475045848}.Debug|Any CPU.ActiveCfg = Debug|Any CPU
		{34E159ED-297A-4D58-BBA0-F19475045848}.Debug|Any CPU.Build.0 = Debug|Any CPU
		{34E159ED-297A-4D58-BBA0-F19475045848}.Release|Any CPU.ActiveCfg = Release|Any CPU
		{34E159ED-297A-4D58-BBA0-F19475045848}.Release|Any CPU.Build.0 = Release|Any CPU
	EndGlobalSection
	GlobalSection(SolutionProperties) = preSolution
		HideSolutionNode = FALSE
	EndGlobalSection
	GlobalSection(ExtensibilityGlobals) = postSolution
		SolutionGuid = {599034CA-3B64-4F42-8460-4BBC1720A3D4}
	EndGlobalSection
EndGlobal
